
Microsoft Visual Studio Solution File, Format Version 12.00
# Visual Studio Version 16
VisualStudioVersion = 16.0.29519.181
MinimumVisualStudioVersion = 10.0.40219.1
Project("{FAE04EC0-301F-11D3-BF4B-00C04F79EFBC}") = "azure-webapp", "azure-webapp.csproj", "{9433C0B3-3A59-4028-B180-1F934FEA125B}"
EndProject
Global
	GlobalSection(SolutionConfigurationPlatforms) = preSolution
		Debug|Any CPU = Debug|Any CPU
		Release|Any CPU = Release|Any CPU
	EndGlobalSection
	GlobalSection(ProjectConfigurationPlatforms) = postSolution
		{9433C0B3-3A59-4028-B180-1F934FEA125B}.Debug|Any CPU.ActiveCfg = Debug|Any CPU
		{9433C0B3-3A59-4028-B180-1F934FEA125B}.Debug|Any CPU.Build.0 = Debug|Any CPU
		{9433C0B3-3A59-4028-B180-1F934FEA125B}.Release|Any CPU.ActiveCfg = Release|Any CPU
		{9433C0B3-3A59-4028-B180-1F934FEA125B}.Release|Any CPU.Build.0 = Release|Any CPU
	EndGlobalSection
	GlobalSection(SolutionProperties) = preSolution
		HideSolutionNode = FALSE
	EndGlobalSection
	GlobalSection(ExtensibilityGlobals) = postSolution
		SolutionGuid = {49A12C22-67FD-4C51-9DF6-6A48C46BBBCF}
	EndGlobalSection
EndGlobal
